
Microsoft Visual Studio Solution File, Format Version 12.00
# Visual Studio Version 16
VisualStudioVersion = 16.0.31321.278
MinimumVisualStudioVersion = 10.0.40219.1
Project("{FAE04EC0-301F-11D3-BF4B-00C04F79EFBC}") = "AssignmentApi", "AssignmentApi.csproj", "{E79CA025-CE72-4B45-9A9B-79B9C032DB1C}"
EndProject
Global
	GlobalSection(SolutionConfigurationPlatforms) = preSolution
		Debug|Any CPU = Debug|Any CPU
		Release|Any CPU = Release|Any CPU
	EndGlobalSection
	GlobalSection(ProjectConfigurationPlatforms) = postSolution
		{E79CA025-CE72-4B45-9A9B-79B9C032DB1C}.Debug|Any CPU.ActiveCfg = Debug|Any CPU
		{E79CA025-CE72-4B45-9A9B-79B9C032DB1C}.Debug|Any CPU.Build.0 = Debug|Any CPU
		{E79CA025-CE72-4B45-9A9B-79B9C032DB1C}.Release|Any CPU.ActiveCfg = Release|Any CPU
		{E79CA025-CE72-4B45-9A9B-79B9C032DB1C}.Release|Any CPU.Build.0 = Release|Any CPU
	EndGlobalSection
	GlobalSection(SolutionProperties) = preSolution
		HideSolutionNode = FALSE
	EndGlobalSection
	GlobalSection(ExtensibilityGlobals) = postSolution
		SolutionGuid = {495EF7AB-84A3-4336-AAA6-C9BB25D05817}
	EndGlobalSection
EndGlobal
